
Microsoft Visual Studio Solution File, Format Version 12.00
# Visual Studio 15
VisualStudioVersion = 15.0.27130.2027
MinimumVisualStudioVersion = 10.0.40219.1
Project("{FAE04EC0-301F-11D3-BF4B-00C04F79EFBC}") = "BigBeer.Framework.Web.Wechat.MP", "BigBeer.Framework.Web.Wechat.MP\BigBeer.Framework.Web.Wechat.MP.csproj", "{AF2E1661-BA01-4852-A1C8-55122C737D9E}"
EndProject
Global
	GlobalSection(SolutionConfigurationPlatforms) = preSolution
		Debug|Any CPU = Debug|Any CPU
		Release|Any CPU = Release|Any CPU
	EndGlobalSection
	GlobalSection(ProjectConfigurationPlatforms) = postSolution
		{AF2E1661-BA01-4852-A1C8-55122C737D9E}.Debug|Any CPU.ActiveCfg = Debug|Any CPU
		{AF2E1661-BA01-4852-A1C8-55122C737D9E}.Debug|Any CPU.Build.0 = Debug|Any CPU
		{AF2E1661-BA01-4852-A1C8-55122C737D9E}.Release|Any CPU.ActiveCfg = Release|Any CPU
		{AF2E1661-BA01-4852-A1C8-55122C737D9E}.Release|Any CPU.Build.0 = Release|Any CPU
	EndGlobalSection
	GlobalSection(SolutionProperties) = preSolution
		HideSolutionNode = FALSE
	EndGlobalSection
	GlobalSection(ExtensibilityGlobals) = postSolution
		SolutionGuid = {1F0898C5-9B44-48AC-A652-D7C40B22868B}
	EndGlobalSection
EndGlobal
